
Microsoft Visual Studio Solution File, Format Version 12.00
# Visual Studio 14
VisualStudioVersion = 14.0.25123.0
MinimumVisualStudioVersion = 10.0.40219.1
Project("{FAE04EC0-301F-11D3-BF4B-00C04F79EFBC}") = "Free SMS", "Free SMS\Free SMS.csproj", "{AE602BB6-C43C-4744-BCD2-C5A6C0929071}"
EndProject
Global
	GlobalSection(SolutionConfigurationPlatforms) = preSolution
		Debug|Any CPU = Debug|Any CPU
		Release|Any CPU = Release|Any CPU
	EndGlobalSection
	GlobalSection(ProjectConfigurationPlatforms) = postSolution
		{AE602BB6-C43C-4744-BCD2-C5A6C0929071}.Debug|Any CPU.ActiveCfg = Debug|Any CPU
		{AE602BB6-C43C-4744-BCD2-C5A6C0929071}.Debug|Any CPU.Build.0 = Debug|Any CPU
		{AE602BB6-C43C-4744-BCD2-C5A6C0929071}.Release|Any CPU.ActiveCfg = Release|Any CPU
		{AE602BB6-C43C-4744-BCD2-C5A6C0929071}.Release|Any CPU.Build.0 = Release|Any CPU
	EndGlobalSection
	GlobalSection(SolutionProperties) = preSolution
		HideSolutionNode = FALSE
	EndGlobalSection
EndGlobal
